
Microsoft Visual Studio Solution File, Format Version 12.00
# Visual Studio Version 17
VisualStudioVersion = 17.11.35303.130
MinimumVisualStudioVersion = 10.0.40219.1
Project("{FAE04EC0-301F-11D3-BF4B-00C04F79EFBC}") = "Task 2(исправленное)", "Task 2(исправленное)\Task 2(исправленное).csproj", "{831F8F15-A476-49A3-BEEF-00C451B11299}"
EndProject
Global
	GlobalSection(SolutionConfigurationPlatforms) = preSolution
		Debug|Any CPU = Debug|Any CPU
		Release|Any CPU = Release|Any CPU
	EndGlobalSection
	GlobalSection(ProjectConfigurationPlatforms) = postSolution
		{831F8F15-A476-49A3-BEEF-00C451B11299}.Debug|Any CPU.ActiveCfg = Debug|Any CPU
		{831F8F15-A476-49A3-BEEF-00C451B11299}.Debug|Any CPU.Build.0 = Debug|Any CPU
		{831F8F15-A476-49A3-BEEF-00C451B11299}.Release|Any CPU.ActiveCfg = Release|Any CPU
		{831F8F15-A476-49A3-BEEF-00C451B11299}.Release|Any CPU.Build.0 = Release|Any CPU
	EndGlobalSection
	GlobalSection(SolutionProperties) = preSolution
		HideSolutionNode = FALSE
	EndGlobalSection
	GlobalSection(ExtensibilityGlobals) = postSolution
		SolutionGuid = {783BFD87-C4D2-4E48-BE15-F05DB8F49D01}
	EndGlobalSection
EndGlobal
