
Microsoft Visual Studio Solution File, Format Version 12.00
# Visual Studio Version 17
VisualStudioVersion = 17.11.35303.130
MinimumVisualStudioVersion = 10.0.40219.1
Project("{FAE04EC0-301F-11D3-BF4B-00C04F79EFBC}") = "Task 1", "Task 1\Task 1.csproj", "{22575D42-27BC-40E0-A6D2-BC619BF4E915}"
EndProject
Global
	GlobalSection(SolutionConfigurationPlatforms) = preSolution
		Debug|Any CPU = Debug|Any CPU
		Release|Any CPU = Release|Any CPU
	EndGlobalSection
	GlobalSection(ProjectConfigurationPlatforms) = postSolution
		{22575D42-27BC-40E0-A6D2-BC619BF4E915}.Debug|Any CPU.ActiveCfg = Debug|Any CPU
		{22575D42-27BC-40E0-A6D2-BC619BF4E915}.Debug|Any CPU.Build.0 = Debug|Any CPU
		{22575D42-27BC-40E0-A6D2-BC619BF4E915}.Release|Any CPU.ActiveCfg = Release|Any CPU
		{22575D42-27BC-40E0-A6D2-BC619BF4E915}.Release|Any CPU.Build.0 = Release|Any CPU
	EndGlobalSection
	GlobalSection(SolutionProperties) = preSolution
		HideSolutionNode = FALSE
	EndGlobalSection
	GlobalSection(ExtensibilityGlobals) = postSolution
		SolutionGuid = {480753D2-4E59-449B-B22F-4B94FDB7E9A9}
	EndGlobalSection
EndGlobal
