
Microsoft Visual Studio Solution File, Format Version 12.00
# Visual Studio Version 17
VisualStudioVersion = 17.11.35303.130
MinimumVisualStudioVersion = 10.0.40219.1
Project("{FAE04EC0-301F-11D3-BF4B-00C04F79EFBC}") = "Task 7", "Task 7\Task 7.csproj", "{1810490E-36F1-4226-BBDD-C65CA6BD67A9}"
EndProject
Global
	GlobalSection(SolutionConfigurationPlatforms) = preSolution
		Debug|Any CPU = Debug|Any CPU
		Release|Any CPU = Release|Any CPU
	EndGlobalSection
	GlobalSection(ProjectConfigurationPlatforms) = postSolution
		{1810490E-36F1-4226-BBDD-C65CA6BD67A9}.Debug|Any CPU.ActiveCfg = Debug|Any CPU
		{1810490E-36F1-4226-BBDD-C65CA6BD67A9}.Debug|Any CPU.Build.0 = Debug|Any CPU
		{1810490E-36F1-4226-BBDD-C65CA6BD67A9}.Release|Any CPU.ActiveCfg = Release|Any CPU
		{1810490E-36F1-4226-BBDD-C65CA6BD67A9}.Release|Any CPU.Build.0 = Release|Any CPU
	EndGlobalSection
	GlobalSection(SolutionProperties) = preSolution
		HideSolutionNode = FALSE
	EndGlobalSection
	GlobalSection(ExtensibilityGlobals) = postSolution
		SolutionGuid = {4B289CE7-CCE3-4A39-BA45-BAF925590695}
	EndGlobalSection
EndGlobal
