
Microsoft Visual Studio Solution File, Format Version 12.00
# Visual Studio Version 17
VisualStudioVersion = 17.11.35303.130
MinimumVisualStudioVersion = 10.0.40219.1
Project("{FAE04EC0-301F-11D3-BF4B-00C04F79EFBC}") = "Task 4", "Task 4\Task 4.csproj", "{A92BE234-AE72-4CDD-9D29-2F060EE3CC6F}"
EndProject
Global
	GlobalSection(SolutionConfigurationPlatforms) = preSolution
		Debug|Any CPU = Debug|Any CPU
		Release|Any CPU = Release|Any CPU
	EndGlobalSection
	GlobalSection(ProjectConfigurationPlatforms) = postSolution
		{A92BE234-AE72-4CDD-9D29-2F060EE3CC6F}.Debug|Any CPU.ActiveCfg = Debug|Any CPU
		{A92BE234-AE72-4CDD-9D29-2F060EE3CC6F}.Debug|Any CPU.Build.0 = Debug|Any CPU
		{A92BE234-AE72-4CDD-9D29-2F060EE3CC6F}.Release|Any CPU.ActiveCfg = Release|Any CPU
		{A92BE234-AE72-4CDD-9D29-2F060EE3CC6F}.Release|Any CPU.Build.0 = Release|Any CPU
	EndGlobalSection
	GlobalSection(SolutionProperties) = preSolution
		HideSolutionNode = FALSE
	EndGlobalSection
	GlobalSection(ExtensibilityGlobals) = postSolution
		SolutionGuid = {F64DB892-11AA-4006-B9B1-EC4A1BE64DD8}
	EndGlobalSection
EndGlobal
