
Microsoft Visual Studio Solution File, Format Version 12.00
# Visual Studio Version 17
VisualStudioVersion = 17.11.35303.130
MinimumVisualStudioVersion = 10.0.40219.1
Project("{FAE04EC0-301F-11D3-BF4B-00C04F79EFBC}") = "Task13", "Task13\Task13.csproj", "{0AF0A869-F793-4270-9696-FA111CF06FB9}"
EndProject
Project("{FAE04EC0-301F-11D3-BF4B-00C04F79EFBC}") = "UnitTest1", "UnitTest1\UnitTest1.csproj", "{36491C65-AA15-4868-96C8-550BBE273563}"
EndProject
Global
	GlobalSection(SolutionConfigurationPlatforms) = preSolution
		Debug|Any CPU = Debug|Any CPU
		Release|Any CPU = Release|Any CPU
	EndGlobalSection
	GlobalSection(ProjectConfigurationPlatforms) = postSolution
		{0AF0A869-F793-4270-9696-FA111CF06FB9}.Debug|Any CPU.ActiveCfg = Debug|Any CPU
		{0AF0A869-F793-4270-9696-FA111CF06FB9}.Debug|Any CPU.Build.0 = Debug|Any CPU
		{0AF0A869-F793-4270-9696-FA111CF06FB9}.Release|Any CPU.ActiveCfg = Release|Any CPU
		{0AF0A869-F793-4270-9696-FA111CF06FB9}.Release|Any CPU.Build.0 = Release|Any CPU
		{36491C65-AA15-4868-96C8-550BBE273563}.Debug|Any CPU.ActiveCfg = Debug|Any CPU
		{36491C65-AA15-4868-96C8-550BBE273563}.Debug|Any CPU.Build.0 = Debug|Any CPU
		{36491C65-AA15-4868-96C8-550BBE273563}.Release|Any CPU.ActiveCfg = Release|Any CPU
		{36491C65-AA15-4868-96C8-550BBE273563}.Release|Any CPU.Build.0 = Release|Any CPU
	EndGlobalSection
	GlobalSection(SolutionProperties) = preSolution
		HideSolutionNode = FALSE
	EndGlobalSection
	GlobalSection(ExtensibilityGlobals) = postSolution
		SolutionGuid = {A6D431C8-6A4F-4D20-A6E8-6CB79C15F752}
	EndGlobalSection
EndGlobal
