
Microsoft Visual Studio Solution File, Format Version 12.00
# Visual Studio Version 17
VisualStudioVersion = 17.11.35303.130
MinimumVisualStudioVersion = 10.0.40219.1
Project("{FAE04EC0-301F-11D3-BF4B-00C04F79EFBC}") = "Task 10(2)", "Task 10(2)\Task 10(2).csproj", "{301B2D5A-DB98-4FC0-91CB-3F0605D36715}"
EndProject
Global
	GlobalSection(SolutionConfigurationPlatforms) = preSolution
		Debug|Any CPU = Debug|Any CPU
		Release|Any CPU = Release|Any CPU
	EndGlobalSection
	GlobalSection(ProjectConfigurationPlatforms) = postSolution
		{301B2D5A-DB98-4FC0-91CB-3F0605D36715}.Debug|Any CPU.ActiveCfg = Debug|Any CPU
		{301B2D5A-DB98-4FC0-91CB-3F0605D36715}.Debug|Any CPU.Build.0 = Debug|Any CPU
		{301B2D5A-DB98-4FC0-91CB-3F0605D36715}.Release|Any CPU.ActiveCfg = Release|Any CPU
		{301B2D5A-DB98-4FC0-91CB-3F0605D36715}.Release|Any CPU.Build.0 = Release|Any CPU
	EndGlobalSection
	GlobalSection(SolutionProperties) = preSolution
		HideSolutionNode = FALSE
	EndGlobalSection
	GlobalSection(ExtensibilityGlobals) = postSolution
		SolutionGuid = {FB776196-2EEB-4117-90E6-D7BE0E83F85A}
	EndGlobalSection
EndGlobal
