
Microsoft Visual Studio Solution File, Format Version 12.00
# Visual Studio Version 17
VisualStudioVersion = 17.11.35303.130
MinimumVisualStudioVersion = 10.0.40219.1
Project("{FAE04EC0-301F-11D3-BF4B-00C04F79EFBC}") = "Task 10(6)", "Task 10(6)\Task 10(6).csproj", "{6C899E39-953C-415D-AC29-59F7877B1F8D}"
EndProject
Global
	GlobalSection(SolutionConfigurationPlatforms) = preSolution
		Debug|Any CPU = Debug|Any CPU
		Release|Any CPU = Release|Any CPU
	EndGlobalSection
	GlobalSection(ProjectConfigurationPlatforms) = postSolution
		{6C899E39-953C-415D-AC29-59F7877B1F8D}.Debug|Any CPU.ActiveCfg = Debug|Any CPU
		{6C899E39-953C-415D-AC29-59F7877B1F8D}.Debug|Any CPU.Build.0 = Debug|Any CPU
		{6C899E39-953C-415D-AC29-59F7877B1F8D}.Release|Any CPU.ActiveCfg = Release|Any CPU
		{6C899E39-953C-415D-AC29-59F7877B1F8D}.Release|Any CPU.Build.0 = Release|Any CPU
	EndGlobalSection
	GlobalSection(SolutionProperties) = preSolution
		HideSolutionNode = FALSE
	EndGlobalSection
	GlobalSection(ExtensibilityGlobals) = postSolution
		SolutionGuid = {F9D903D4-4213-42E6-80A8-0FE0380A2714}
	EndGlobalSection
EndGlobal
